<?xml version="1.0" encoding="utf-8"?>
<Project ToolsVersion="17.0" xmlns="http://schemas.microsoft.com/developer/msbuild/2003">
  <ItemGroup>
    <CustomBuild Include="F:\Files_F\_C++\OpenGL_Test02\build_win\CMakeFiles\5a5cb19e7ecd274373d6a1f9ee7672f4\generate.stamp.rule">
      <Filter>CMake Rules</Filter>
    </CustomBuild>
  </ItemGroup>
  <ItemGroup>
    <Filter Include="CMake Rules">
      <UniqueIdentifier>{0EE44557-9452-38FA-B6EC-D162D59403D9}</UniqueIdentifier>
    </Filter>
  </ItemGroup>
</Project>
